
Microsoft Visual Studio Solution File, Format Version 12.00
# Visual Studio 15
VisualStudioVersion = 15.0.27004.2002
MinimumVisualStudioVersion = 10.0.40219.1
Project("{8BC9CEB8-8B4A-11D0-8D11-00A0C91BC942}") = "BonDriverWrapper", "BonDriverWrapper\BonDriverWrapper.vcxproj", "{63BFE079-9750-4A65-B11F-33C1EBFC2283}"
EndProject
Project("{FAE04EC0-301F-11D3-BF4B-00C04F79EFBC}") = "BonDriverTest", "BonDriverTest\BonDriverTest.csproj", "{49875164-4D58-4189-8341-71085D831032}"
EndProject
Project("{8BC9CEB8-8B4A-11D0-8D11-00A0C91BC942}") = "B25DecoderWrapper", "B25DecoderWrapper\B25DecoderWrapper.vcxproj", "{6701E450-FDB6-4AF3-95A6-5E76B9FF13CA}"
EndProject
Project("{FAE04EC0-301F-11D3-BF4B-00C04F79EFBC}") = "TSServer", "TSServer\TSServer.csproj", "{DF4EE040-4C6C-403F-BED0-371E17A36F43}"
EndProject
Project("{FAE04EC0-301F-11D3-BF4B-00C04F79EFBC}") = "TSServerTest", "TSServerTest\TSServerTest.csproj", "{379EC441-370E-47F9-903A-8274735596A7}"
EndProject
Project("{8BC9CEB8-8B4A-11D0-8D11-00A0C91BC942}") = "TSClient", "TSClient\TSClient.vcxproj", "{D559C284-49FA-49D3-8BC5-33F36F053ACA}"
EndProject
Project("{FAE04EC0-301F-11D3-BF4B-00C04F79EFBC}") = "TSClientTest", "TSClientTest\TSClientTest.csproj", "{DD4F6BD2-A7C6-4054-9181-B77AF11B746A}"
EndProject
Project("{2150E333-8FDC-42A3-9474-1A3956D46DE8}") = "テスト", "テスト", "{80B9F1EB-4A40-4C2A-B0AE-A5FE158FDF4E}"
EndProject
Project("{FAE04EC0-301F-11D3-BF4B-00C04F79EFBC}") = "TSServerGUI", "TSServerGUI\TSServerGUI.csproj", "{0F6BC6D7-34FC-48F1-BFA5-095EE6D6554D}"
EndProject
Project("{FAE04EC0-301F-11D3-BF4B-00C04F79EFBC}") = "TSServer2", "TSServer2\TSServer2.csproj", "{75EEC814-C270-416D-BB56-FCFEF33D1DCA}"
EndProject
Project("{2150E333-8FDC-42A3-9474-1A3956D46DE8}") = "Solution Items", "Solution Items", "{10C36B2F-7BA7-4871-86F9-EF2084F14710}"
	ProjectSection(SolutionItems) = preProject
		readme.txt = readme.txt
	EndProjectSection
EndProject
Global
	GlobalSection(SolutionConfigurationPlatforms) = preSolution
		Debug|Any CPU = Debug|Any CPU
		Debug|x64 = Debug|x64
		Debug|x86 = Debug|x86
		Release|Any CPU = Release|Any CPU
		Release|x64 = Release|x64
		Release|x86 = Release|x86
	EndGlobalSection
	GlobalSection(ProjectConfigurationPlatforms) = postSolution
		{63BFE079-9750-4A65-B11F-33C1EBFC2283}.Debug|Any CPU.ActiveCfg = Debug|Win32
		{63BFE079-9750-4A65-B11F-33C1EBFC2283}.Debug|Any CPU.Build.0 = Debug|Win32
		{63BFE079-9750-4A65-B11F-33C1EBFC2283}.Debug|x64.ActiveCfg = Debug|Win32
		{63BFE079-9750-4A65-B11F-33C1EBFC2283}.Debug|x64.Build.0 = Debug|Win32
		{63BFE079-9750-4A65-B11F-33C1EBFC2283}.Debug|x86.ActiveCfg = Debug|Win32
		{63BFE079-9750-4A65-B11F-33C1EBFC2283}.Debug|x86.Build.0 = Debug|Win32
		{63BFE079-9750-4A65-B11F-33C1EBFC2283}.Release|Any CPU.ActiveCfg = Release|Win32
		{63BFE079-9750-4A65-B11F-33C1EBFC2283}.Release|x64.ActiveCfg = Release|x64
		{63BFE079-9750-4A65-B11F-33C1EBFC2283}.Release|x64.Build.0 = Release|x64
		{63BFE079-9750-4A65-B11F-33C1EBFC2283}.Release|x86.ActiveCfg = Release|Win32
		{63BFE079-9750-4A65-B11F-33C1EBFC2283}.Release|x86.Build.0 = Release|Win32
		{49875164-4D58-4189-8341-71085D831032}.Debug|Any CPU.ActiveCfg = Debug|Any CPU
		{49875164-4D58-4189-8341-71085D831032}.Debug|Any CPU.Build.0 = Debug|Any CPU
		{49875164-4D58-4189-8341-71085D831032}.Debug|x64.ActiveCfg = Debug|Any CPU
		{49875164-4D58-4189-8341-71085D831032}.Debug|x64.Build.0 = Debug|Any CPU
		{49875164-4D58-4189-8341-71085D831032}.Debug|x86.ActiveCfg = Debug|Any CPU
		{49875164-4D58-4189-8341-71085D831032}.Debug|x86.Build.0 = Debug|Any CPU
		{49875164-4D58-4189-8341-71085D831032}.Release|Any CPU.ActiveCfg = Release|Any CPU
		{49875164-4D58-4189-8341-71085D831032}.Release|Any CPU.Build.0 = Release|Any CPU
		{49875164-4D58-4189-8341-71085D831032}.Release|x64.ActiveCfg = Release|Any CPU
		{49875164-4D58-4189-8341-71085D831032}.Release|x64.Build.0 = Release|Any CPU
		{49875164-4D58-4189-8341-71085D831032}.Release|x86.ActiveCfg = Release|Any CPU
		{49875164-4D58-4189-8341-71085D831032}.Release|x86.Build.0 = Release|Any CPU
		{6701E450-FDB6-4AF3-95A6-5E76B9FF13CA}.Debug|Any CPU.ActiveCfg = Debug|Win32
		{6701E450-FDB6-4AF3-95A6-5E76B9FF13CA}.Debug|Any CPU.Build.0 = Debug|Win32
		{6701E450-FDB6-4AF3-95A6-5E76B9FF13CA}.Debug|x64.ActiveCfg = Debug|Win32
		{6701E450-FDB6-4AF3-95A6-5E76B9FF13CA}.Debug|x64.Build.0 = Debug|Win32
		{6701E450-FDB6-4AF3-95A6-5E76B9FF13CA}.Debug|x86.ActiveCfg = Debug|Win32
		{6701E450-FDB6-4AF3-95A6-5E76B9FF13CA}.Debug|x86.Build.0 = Debug|Win32
		{6701E450-FDB6-4AF3-95A6-5E76B9FF13CA}.Release|Any CPU.ActiveCfg = Release|Win32
		{6701E450-FDB6-4AF3-95A6-5E76B9FF13CA}.Release|x64.ActiveCfg = Release|x64
		{6701E450-FDB6-4AF3-95A6-5E76B9FF13CA}.Release|x64.Build.0 = Release|x64
		{6701E450-FDB6-4AF3-95A6-5E76B9FF13CA}.Release|x86.ActiveCfg = Release|Win32
		{6701E450-FDB6-4AF3-95A6-5E76B9FF13CA}.Release|x86.Build.0 = Release|Win32
		{DF4EE040-4C6C-403F-BED0-371E17A36F43}.Debug|Any CPU.ActiveCfg = Debug|Any CPU
		{DF4EE040-4C6C-403F-BED0-371E17A36F43}.Debug|Any CPU.Build.0 = Debug|Any CPU
		{DF4EE040-4C6C-403F-BED0-371E17A36F43}.Debug|x64.ActiveCfg = Debug|Any CPU
		{DF4EE040-4C6C-403F-BED0-371E17A36F43}.Debug|x64.Build.0 = Debug|Any CPU
		{DF4EE040-4C6C-403F-BED0-371E17A36F43}.Debug|x86.ActiveCfg = Debug|Any CPU
		{DF4EE040-4C6C-403F-BED0-371E17A36F43}.Debug|x86.Build.0 = Debug|Any CPU
		{DF4EE040-4C6C-403F-BED0-371E17A36F43}.Release|Any CPU.ActiveCfg = Release|Any CPU
		{DF4EE040-4C6C-403F-BED0-371E17A36F43}.Release|Any CPU.Build.0 = Release|Any CPU
		{DF4EE040-4C6C-403F-BED0-371E17A36F43}.Release|x64.ActiveCfg = Release|Any CPU
		{DF4EE040-4C6C-403F-BED0-371E17A36F43}.Release|x64.Build.0 = Release|Any CPU
		{DF4EE040-4C6C-403F-BED0-371E17A36F43}.Release|x86.ActiveCfg = Release|Any CPU
		{DF4EE040-4C6C-403F-BED0-371E17A36F43}.Release|x86.Build.0 = Release|Any CPU
		{379EC441-370E-47F9-903A-8274735596A7}.Debug|Any CPU.ActiveCfg = Debug|Any CPU
		{379EC441-370E-47F9-903A-8274735596A7}.Debug|Any CPU.Build.0 = Debug|Any CPU
		{379EC441-370E-47F9-903A-8274735596A7}.Debug|x64.ActiveCfg = Debug|Any CPU
		{379EC441-370E-47F9-903A-8274735596A7}.Debug|x64.Build.0 = Debug|Any CPU
		{379EC441-370E-47F9-903A-8274735596A7}.Debug|x86.ActiveCfg = Debug|Any CPU
		{379EC441-370E-47F9-903A-8274735596A7}.Debug|x86.Build.0 = Debug|Any CPU
		{379EC441-370E-47F9-903A-8274735596A7}.Release|Any CPU.ActiveCfg = Release|Any CPU
		{379EC441-370E-47F9-903A-8274735596A7}.Release|Any CPU.Build.0 = Release|Any CPU
		{379EC441-370E-47F9-903A-8274735596A7}.Release|x64.ActiveCfg = Release|Any CPU
		{379EC441-370E-47F9-903A-8274735596A7}.Release|x64.Build.0 = Release|Any CPU
		{379EC441-370E-47F9-903A-8274735596A7}.Release|x86.ActiveCfg = Release|Any CPU
		{379EC441-370E-47F9-903A-8274735596A7}.Release|x86.Build.0 = Release|Any CPU
		{D559C284-49FA-49D3-8BC5-33F36F053ACA}.Debug|Any CPU.ActiveCfg = Debug|Win32
		{D559C284-49FA-49D3-8BC5-33F36F053ACA}.Debug|Any CPU.Build.0 = Debug|Win32
		{D559C284-49FA-49D3-8BC5-33F36F053ACA}.Debug|x64.ActiveCfg = Debug|Win32
		{D559C284-49FA-49D3-8BC5-33F36F053ACA}.Debug|x64.Build.0 = Debug|Win32
		{D559C284-49FA-49D3-8BC5-33F36F053ACA}.Debug|x86.ActiveCfg = Debug|Win32
		{D559C284-49FA-49D3-8BC5-33F36F053ACA}.Debug|x86.Build.0 = Debug|Win32
		{D559C284-49FA-49D3-8BC5-33F36F053ACA}.Release|Any CPU.ActiveCfg = Release|Win32
		{D559C284-49FA-49D3-8BC5-33F36F053ACA}.Release|x64.ActiveCfg = Release|x64
		{D559C284-49FA-49D3-8BC5-33F36F053ACA}.Release|x64.Build.0 = Release|x64
		{D559C284-49FA-49D3-8BC5-33F36F053ACA}.Release|x86.ActiveCfg = Release|Win32
		{D559C284-49FA-49D3-8BC5-33F36F053ACA}.Release|x86.Build.0 = Release|Win32
		{DD4F6BD2-A7C6-4054-9181-B77AF11B746A}.Debug|Any CPU.ActiveCfg = Debug|Any CPU
		{DD4F6BD2-A7C6-4054-9181-B77AF11B746A}.Debug|Any CPU.Build.0 = Debug|Any CPU
		{DD4F6BD2-A7C6-4054-9181-B77AF11B746A}.Debug|x64.ActiveCfg = Debug|Any CPU
		{DD4F6BD2-A7C6-4054-9181-B77AF11B746A}.Debug|x64.Build.0 = Debug|Any CPU
		{DD4F6BD2-A7C6-4054-9181-B77AF11B746A}.Debug|x86.ActiveCfg = Debug|Any CPU
		{DD4F6BD2-A7C6-4054-9181-B77AF11B746A}.Debug|x86.Build.0 = Debug|Any CPU
		{DD4F6BD2-A7C6-4054-9181-B77AF11B746A}.Release|Any CPU.ActiveCfg = Release|Any CPU
		{DD4F6BD2-A7C6-4054-9181-B77AF11B746A}.Release|Any CPU.Build.0 = Release|Any CPU
		{DD4F6BD2-A7C6-4054-9181-B77AF11B746A}.Release|x64.ActiveCfg = Release|Any CPU
		{DD4F6BD2-A7C6-4054-9181-B77AF11B746A}.Release|x64.Build.0 = Release|Any CPU
		{DD4F6BD2-A7C6-4054-9181-B77AF11B746A}.Release|x86.ActiveCfg = Release|Any CPU
		{DD4F6BD2-A7C6-4054-9181-B77AF11B746A}.Release|x86.Build.0 = Release|Any CPU
		{0F6BC6D7-34FC-48F1-BFA5-095EE6D6554D}.Debug|Any CPU.ActiveCfg = Debug|Any CPU
		{0F6BC6D7-34FC-48F1-BFA5-095EE6D6554D}.Debug|Any CPU.Build.0 = Debug|Any CPU
		{0F6BC6D7-34FC-48F1-BFA5-095EE6D6554D}.Debug|x64.ActiveCfg = Debug|Any CPU
		{0F6BC6D7-34FC-48F1-BFA5-095EE6D6554D}.Debug|x64.Build.0 = Debug|Any CPU
		{0F6BC6D7-34FC-48F1-BFA5-095EE6D6554D}.Debug|x86.ActiveCfg = Debug|Any CPU
		{0F6BC6D7-34FC-48F1-BFA5-095EE6D6554D}.Debug|x86.Build.0 = Debug|Any CPU
		{0F6BC6D7-34FC-48F1-BFA5-095EE6D6554D}.Release|Any CPU.ActiveCfg = Release|Any CPU
		{0F6BC6D7-34FC-48F1-BFA5-095EE6D6554D}.Release|Any CPU.Build.0 = Release|Any CPU
		{0F6BC6D7-34FC-48F1-BFA5-095EE6D6554D}.Release|x64.ActiveCfg = Release|Any CPU
		{0F6BC6D7-34FC-48F1-BFA5-095EE6D6554D}.Release|x64.Build.0 = Release|Any CPU
		{0F6BC6D7-34FC-48F1-BFA5-095EE6D6554D}.Release|x86.ActiveCfg = Release|Any CPU
		{0F6BC6D7-34FC-48F1-BFA5-095EE6D6554D}.Release|x86.Build.0 = Release|Any CPU
		{75EEC814-C270-416D-BB56-FCFEF33D1DCA}.Debug|Any CPU.ActiveCfg = Debug|Any CPU
		{75EEC814-C270-416D-BB56-FCFEF33D1DCA}.Debug|Any CPU.Build.0 = Debug|Any CPU
		{75EEC814-C270-416D-BB56-FCFEF33D1DCA}.Debug|x64.ActiveCfg = Debug|Any CPU
		{75EEC814-C270-416D-BB56-FCFEF33D1DCA}.Debug|x64.Build.0 = Debug|Any CPU
		{75EEC814-C270-416D-BB56-FCFEF33D1DCA}.Debug|x86.ActiveCfg = Debug|Any CPU
		{75EEC814-C270-416D-BB56-FCFEF33D1DCA}.Debug|x86.Build.0 = Debug|Any CPU
		{75EEC814-C270-416D-BB56-FCFEF33D1DCA}.Release|Any CPU.ActiveCfg = Release|Any CPU
		{75EEC814-C270-416D-BB56-FCFEF33D1DCA}.Release|Any CPU.Build.0 = Release|Any CPU
		{75EEC814-C270-416D-BB56-FCFEF33D1DCA}.Release|x64.ActiveCfg = Release|Any CPU
		{75EEC814-C270-416D-BB56-FCFEF33D1DCA}.Release|x64.Build.0 = Release|Any CPU
		{75EEC814-C270-416D-BB56-FCFEF33D1DCA}.Release|x86.ActiveCfg = Release|Any CPU
		{75EEC814-C270-416D-BB56-FCFEF33D1DCA}.Release|x86.Build.0 = Release|Any CPU
	EndGlobalSection
	GlobalSection(SolutionProperties) = preSolution
		HideSolutionNode = FALSE
	EndGlobalSection
	GlobalSection(NestedProjects) = preSolution
		{49875164-4D58-4189-8341-71085D831032} = {80B9F1EB-4A40-4C2A-B0AE-A5FE158FDF4E}
		{379EC441-370E-47F9-903A-8274735596A7} = {80B9F1EB-4A40-4C2A-B0AE-A5FE158FDF4E}
		{DD4F6BD2-A7C6-4054-9181-B77AF11B746A} = {80B9F1EB-4A40-4C2A-B0AE-A5FE158FDF4E}
	EndGlobalSection
	GlobalSection(ExtensibilityGlobals) = postSolution
		SolutionGuid = {F52E3198-C949-4A5F-8626-D3550C69348D}
	EndGlobalSection
EndGlobal
